
Microsoft Visual Studio Solution File, Format Version 12.00
# Visual Studio Version 17
VisualStudioVersion = 17.10.34928.147
MinimumVisualStudioVersion = 10.0.40219.1
Project("{FAE04EC0-301F-11D3-BF4B-00C04F79EFBC}") = "ADO.Net", "ADO.Net\ADO.Net.csproj", "{AE52EF63-8A54-44CF-BB63-AC42B9910261}"
EndProject
Global
	GlobalSection(SolutionConfigurationPlatforms) = preSolution
		Debug|Any CPU = Debug|Any CPU
		Release|Any CPU = Release|Any CPU
	EndGlobalSection
	GlobalSection(ProjectConfigurationPlatforms) = postSolution
		{AE52EF63-8A54-44CF-BB63-AC42B9910261}.Debug|Any CPU.ActiveCfg = Debug|Any CPU
		{AE52EF63-8A54-44CF-BB63-AC42B9910261}.Debug|Any CPU.Build.0 = Debug|Any CPU
		{AE52EF63-8A54-44CF-BB63-AC42B9910261}.Release|Any CPU.ActiveCfg = Release|Any CPU
		{AE52EF63-8A54-44CF-BB63-AC42B9910261}.Release|Any CPU.Build.0 = Release|Any CPU
	EndGlobalSection
	GlobalSection(SolutionProperties) = preSolution
		HideSolutionNode = FALSE
	EndGlobalSection
	GlobalSection(ExtensibilityGlobals) = postSolution
		SolutionGuid = {C13E4A48-83E3-46D3-B6DB-04FFB087CF92}
	EndGlobalSection
EndGlobal
